
Microsoft Visual Studio Solution File, Format Version 12.00
# Visual Studio Version 17
VisualStudioVersion = 17.9.34616.47
MinimumVisualStudioVersion = 10.0.40219.1
Project("{2150E333-8FDC-42A3-9474-1A3956D46DE8}") = "src", "src", "{740D733A-FCD9-4D97-A80B-ABF2530EBA43}"
EndProject
Project("{2150E333-8FDC-42A3-9474-1A3956D46DE8}") = "tests", "tests", "{ED1008C0-B471-466E-BD13-4A016EC9CB20}"
EndProject
Project("{9A19103F-16F7-4668-BE54-9A1E7A4F7556}") = "Web", "src\Web\Web.csproj", "{B29AE54B-BC30-4E80-98E4-2169D83D4A8F}"
EndProject
Project("{9A19103F-16F7-4668-BE54-9A1E7A4F7556}") = "Infrastructure", "src\Infrastructure\Infrastructure.csproj", "{DE13DC50-8D7F-489A-9A2D-E4CAC75FD7B2}"
EndProject
Project("{9A19103F-16F7-4668-BE54-9A1E7A4F7556}") = "ApplicationCore", "src\ApplicationCore\ApplicationCore.csproj", "{3B3487BB-FF0F-45AC-BF7C-8FE86A9CFD4D}"
EndProject
Project("{9A19103F-16F7-4668-BE54-9A1E7A4F7556}") = "UnitTests", "tests\UnitTests\UnitTests.csproj", "{1F17A992-B655-4919-A1F7-A259B082C5E5}"
EndProject
Global
	GlobalSection(SolutionConfigurationPlatforms) = preSolution
		Debug|Any CPU = Debug|Any CPU
		Release|Any CPU = Release|Any CPU
	EndGlobalSection
	GlobalSection(ProjectConfigurationPlatforms) = postSolution
		{B29AE54B-BC30-4E80-98E4-2169D83D4A8F}.Debug|Any CPU.ActiveCfg = Debug|Any CPU
		{B29AE54B-BC30-4E80-98E4-2169D83D4A8F}.Debug|Any CPU.Build.0 = Debug|Any CPU
		{B29AE54B-BC30-4E80-98E4-2169D83D4A8F}.Release|Any CPU.ActiveCfg = Release|Any CPU
		{B29AE54B-BC30-4E80-98E4-2169D83D4A8F}.Release|Any CPU.Build.0 = Release|Any CPU
		{DE13DC50-8D7F-489A-9A2D-E4CAC75FD7B2}.Debug|Any CPU.ActiveCfg = Debug|Any CPU
		{DE13DC50-8D7F-489A-9A2D-E4CAC75FD7B2}.Debug|Any CPU.Build.0 = Debug|Any CPU
		{DE13DC50-8D7F-489A-9A2D-E4CAC75FD7B2}.Release|Any CPU.ActiveCfg = Release|Any CPU
		{DE13DC50-8D7F-489A-9A2D-E4CAC75FD7B2}.Release|Any CPU.Build.0 = Release|Any CPU
		{3B3487BB-FF0F-45AC-BF7C-8FE86A9CFD4D}.Debug|Any CPU.ActiveCfg = Debug|Any CPU
		{3B3487BB-FF0F-45AC-BF7C-8FE86A9CFD4D}.Debug|Any CPU.Build.0 = Debug|Any CPU
		{3B3487BB-FF0F-45AC-BF7C-8FE86A9CFD4D}.Release|Any CPU.ActiveCfg = Release|Any CPU
		{3B3487BB-FF0F-45AC-BF7C-8FE86A9CFD4D}.Release|Any CPU.Build.0 = Release|Any CPU
		{1F17A992-B655-4919-A1F7-A259B082C5E5}.Debug|Any CPU.ActiveCfg = Debug|Any CPU
		{1F17A992-B655-4919-A1F7-A259B082C5E5}.Debug|Any CPU.Build.0 = Debug|Any CPU
		{1F17A992-B655-4919-A1F7-A259B082C5E5}.Release|Any CPU.ActiveCfg = Release|Any CPU
		{1F17A992-B655-4919-A1F7-A259B082C5E5}.Release|Any CPU.Build.0 = Release|Any CPU
	EndGlobalSection
	GlobalSection(SolutionProperties) = preSolution
		HideSolutionNode = FALSE
	EndGlobalSection
	GlobalSection(NestedProjects) = preSolution
		{B29AE54B-BC30-4E80-98E4-2169D83D4A8F} = {740D733A-FCD9-4D97-A80B-ABF2530EBA43}
		{DE13DC50-8D7F-489A-9A2D-E4CAC75FD7B2} = {740D733A-FCD9-4D97-A80B-ABF2530EBA43}
		{3B3487BB-FF0F-45AC-BF7C-8FE86A9CFD4D} = {740D733A-FCD9-4D97-A80B-ABF2530EBA43}
		{1F17A992-B655-4919-A1F7-A259B082C5E5} = {ED1008C0-B471-466E-BD13-4A016EC9CB20}
	EndGlobalSection
	GlobalSection(ExtensibilityGlobals) = postSolution
		SolutionGuid = {1C5F04CE-08CE-446F-B4A1-A8F53A8FAC6E}
	EndGlobalSection
EndGlobal
